{
  "name": "db",
  "version": "1.0.0",
  "lockfileVersion": 1,
  "requires": true,
  "dependencies": {
    "@norjs/database": {
      "version": "1.0.14",
      "resolved": "https://registry.npmjs.org/@norjs/database/-/database-1.0.14.tgz",
      "integrity": "sha512-mYYtijqEqL/1Bdf7p25hOgLWcQZpYCVd/GF4YmVzDtL6ehatRSX8+RMtxqxiiEMGI/iIQS9CgxV4go5mixm27w==",
      "requires": {
        "@norjs/socket": "^1.0.14",
        "@norjs/types": "^1.0.14",
        "@norjs/utils": "^1.0.14",
        "lodash": "^4.17.15"
      }
    },
    "@norjs/database-service": {
      "version": "1.0.10",
      "resolved": "https://registry.npmjs.org/@norjs/database-service/-/database-service-1.0.10.tgz",
      "integrity": "sha512-2EQgTw8pNitRhs5Ge2HlBP+Kb+Ss1HYQgEveefZpBttvrGn+a8fAE78/lJxLHW95js2FBtbz1/iHWhUrQMCyvg==",
      "requires": {
        "@norjs/database": "^1.0.10",
        "@norjs/socket": "^1.0.10",
        "@norjs/socket-service": "^1.0.10",
        "@norjs/utils": "^1.0.10",
        "lodash": "^4.17.15"
      }
    },
    "@norjs/manager-service": {
      "version": "1.0.10",
      "resolved": "https://registry.npmjs.org/@norjs/manager-service/-/manager-service-1.0.10.tgz",
      "integrity": "sha512-YhVDQSQ+00GdHfSH/aZL8eepgXaXDIJxrdiOdQe0QET+k9nLLav/KPOCnZsZKSlcowN8eyn87dcFO5acnQ/4CA==",
      "requires": {
        "@norjs/types": "^1.0.0",
        "@norjs/utils": "^1.0.10",
        "lodash": "^4.17.15"
      }
    },
    "@norjs/socket": {
      "version": "1.0.14",
      "resolved": "https://registry.npmjs.org/@norjs/socket/-/socket-1.0.14.tgz",
      "integrity": "sha512-jWQm6JAQ4e3jQHzSPAAV3gr8HFTlLGEMUPHDPY5UiiykKSSu4lJV1GL7DqTdiFM8WZHFEcyxkOPkRbPZzuH7jQ==",
      "requires": {
        "@norjs/types": "^1.0.14",
        "@norjs/utils": "^1.0.14",
        "lodash": "^4.17.15"
      }
    },
    "@norjs/socket-service": {
      "version": "1.0.14",
      "resolved": "https://registry.npmjs.org/@norjs/socket-service/-/socket-service-1.0.14.tgz",
      "integrity": "sha512-AjIFgWrM0AmrL6VEtWFERwb8S3VjcFIENea4kddkTpzXQ/yav30hO41cM/8rO1fJBALdAOZ09DWvX9WhhbicVw==",
      "requires": {
        "@norjs/utils": "^1.0.14",
        "lodash": "^4.17.15"
      }
    },
    "@norjs/types": {
      "version": "1.0.14",
      "resolved": "https://registry.npmjs.org/@norjs/types/-/types-1.0.14.tgz",
      "integrity": "sha512-2u6lw9e+G2wHbURxTTfAQ4BIihc/RRwf3DZRmj7VSH/da5/nXlktWhOl0Q+wzWlSJVn+9VmQaJIi/V7ViPYyOw==",
      "requires": {
        "@norjs/utils": "^1.0.14"
      }
    },
    "@norjs/utils": {
      "version": "1.0.14",
      "resolved": "https://registry.npmjs.org/@norjs/utils/-/utils-1.0.14.tgz",
      "integrity": "sha512-idEA7hsKAQ+EFAPwTy8mSbzb1cMPNAGmtrOSidMmMlL2CvMaeszr9JoWkFCcNgIHVp+V5UR0WYfzM5+6HaTYtw==",
      "requires": {
        "lodash": "^4.17.15"
      }
    },
    "lodash": {
      "version": "4.17.15",
      "resolved": "https://registry.npmjs.org/lodash/-/lodash-4.17.15.tgz",
      "integrity": "sha512-8xOcRHvCjnocdS5cpwXQXVzmmh5e5+saE2QGoeQmbKmRS6J3VQppPOIt0MnmE+4xlZoumy0GPG0D0MVIQbNA1A=="
    }
  }
}
